// !$*UTF8*$!
{
	archiveVersion = 1;
	classes = {
	};
	objectVersion = 56;
	objects = {

/* Begin PBXBuildFile section */
		B1562C6F2A1473CB00EE7CA5 /* Nano2App.swift in Sources */ = {isa = PBXBuildFile; fileRef = B1562C6E2A1473CB00EE7CA5 /* Nano2App.swift */; };
		B1562C732A1473CC00EE7CA5 /* Assets.xcassets in Resources */ = {isa = PBXBuildFile; fileRef = B1562C722A1473CC00EE7CA5 /* Assets.xcassets */; };
		B1562C762A1473CC00EE7CA5 /* Preview Assets.xcassets in Resources */ = {isa = PBXBuildFile; fileRef = B1562C752A1473CC00EE7CA5 /* Preview Assets.xcassets */; };
		B1562C782A1473CC00EE7CA5 /* Persistence.swift in Sources */ = {isa = PBXBuildFile; fileRef = B1562C772A1473CC00EE7CA5 /* Persistence.swift */; };
		B1562C7B2A1473CC00EE7CA5 /* Nano2.xcdatamodeld in Sources */ = {isa = PBXBuildFile; fileRef = B1562C792A1473CC00EE7CA5 /* Nano2.xcdatamodeld */; };
		B1562C822A1474AE00EE7CA5 /* RootView.swift in Sources */ = {isa = PBXBuildFile; fileRef = B1562C812A1474AE00EE7CA5 /* RootView.swift */; };
		B1562C902A16787C00EE7CA5 /* MapView.swift in Sources */ = {isa = PBXBuildFile; fileRef = B1562C8F2A16787C00EE7CA5 /* MapView.swift */; };
		B1562C952A1678FD00EE7CA5 /* Coordinator.swift in Sources */ = {isa = PBXBuildFile; fileRef = B1562C942A1678FD00EE7CA5 /* Coordinator.swift */; };
		B1562C9B2A167A6A00EE7CA5 /* LocationManager.swift in Sources */ = {isa = PBXBuildFile; fileRef = B1562C9A2A167A6A00EE7CA5 /* LocationManager.swift */; };
		B1562C9D2A1680D300EE7CA5 /* Landmark.swift in Sources */ = {isa = PBXBuildFile; fileRef = B1562C9C2A1680D300EE7CA5 /* Landmark.swift */; };
		B1562C9F2A16817C00EE7CA5 /* MapQuestView.swift in Sources */ = {isa = PBXBuildFile; fileRef = B1562C9E2A16817C00EE7CA5 /* MapQuestView.swift */; };
		B1562CA22A16839500EE7CA5 /* EnumTabs.swift in Sources */ = {isa = PBXBuildFile; fileRef = B1562CA12A16839500EE7CA5 /* EnumTabs.swift */; };
		B1562CC52A1A8C3A00EE7CA5 /* HomeView.swift in Sources */ = {isa = PBXBuildFile; fileRef = B1562CC42A1A8C3A00EE7CA5 /* HomeView.swift */; };
		B1562CC72A1A8C5000EE7CA5 /* ResultLocationView.swift in Sources */ = {isa = PBXBuildFile; fileRef = B1562CC62A1A8C5000EE7CA5 /* ResultLocationView.swift */; };
		B1562CC92A1A970E00EE7CA5 /* LandmarkAnnotation.swift in Sources */ = {isa = PBXBuildFile; fileRef = B1562CC82A1A970E00EE7CA5 /* LandmarkAnnotation.swift */; };
		B1562CCC2A1AAD8600EE7CA5 /* PlaceListView.swift in Sources */ = {isa = PBXBuildFile; fileRef = B1562CCB2A1AAD8600EE7CA5 /* PlaceListView.swift */; };
		B1562CCE2A1B21AC00EE7CA5 /* CustomAnnot.swift in Sources */ = {isa = PBXBuildFile; fileRef = B1562CCD2A1B21AC00EE7CA5 /* CustomAnnot.swift */; };
		B1562CD02A1BE7A800EE7CA5 /* ColorExtension.swift in Sources */ = {isa = PBXBuildFile; fileRef = B1562CCF2A1BE7A800EE7CA5 /* ColorExtension.swift */; };
		B1562CD22A1C046700EE7CA5 /* LocationViewModel.swift in Sources */ = {isa = PBXBuildFile; fileRef = B1562CD12A1C046700EE7CA5 /* LocationViewModel.swift */; };
		B1562CD42A1D30CD00EE7CA5 /* UploadQuest.swift in Sources */ = {isa = PBXBuildFile; fileRef = B1562CD32A1D30CD00EE7CA5 /* UploadQuest.swift */; };
		B1562CD62A1D30D500EE7CA5 /* CompleteQuest.swift in Sources */ = {isa = PBXBuildFile; fileRef = B1562CD52A1D30D500EE7CA5 /* CompleteQuest.swift */; };
		B1562CDA2A1D357600EE7CA5 /* ButtonComponent.swift in Sources */ = {isa = PBXBuildFile; fileRef = B1562CD92A1D357600EE7CA5 /* ButtonComponent.swift */; };
		B1562CDC2A1DF9B700EE7CA5 /* TempView.swift in Sources */ = {isa = PBXBuildFile; fileRef = B1562CDB2A1DF9B700EE7CA5 /* TempView.swift */; };
		B1FAC0D12A1E5E070011BCFF /* ImagePicker.swift in Sources */ = {isa = PBXBuildFile; fileRef = B1FAC0D02A1E5E070011BCFF /* ImagePicker.swift */; };
/* End PBXBuildFile section */

/* Begin PBXFileReference section */
		B1562C6B2A1473CB00EE7CA5 /* Nano2.app */ = {isa = PBXFileReference; explicitFileType = wrapper.application; includeInIndex = 0; path = Nano2.app; sourceTree = BUILT_PRODUCTS_DIR; };
		B1562C6E2A1473CB00EE7CA5 /* Nano2App.swift */ = {isa = PBXFileReference; lastKnownFileType = sourcecode.swift; path = Nano2App.swift; sourceTree = "<group>"; };
		B1562C722A1473CC00EE7CA5 /* Assets.xcassets */ = {isa = PBXFileReference; lastKnownFileType = folder.assetcatalog; path = Assets.xcassets; sourceTree = "<group>"; };
		B1562C752A1473CC00EE7CA5 /* Preview Assets.xcassets */ = {isa = PBXFileReference; lastKnownFileType = folder.assetcatalog; path = "Preview Assets.xcassets"; sourceTree = "<group>"; };
		B1562C772A1473CC00EE7CA5 /* Persistence.swift */ = {isa = PBXFileReference; lastKnownFileType = sourcecode.swift; path = Persistence.swift; sourceTree = "<group>"; };
		B1562C7A2A1473CC00EE7CA5 /* Nano2.xcdatamodel */ = {isa = PBXFileReference; lastKnownFileType = wrapper.xcdatamodel; path = Nano2.xcdatamodel; sourceTree = "<group>"; };
		B1562C812A1474AE00EE7CA5 /* RootView.swift */ = {isa = PBXFileReference; lastKnownFileType = sourcecode.swift; path = RootView.swift; sourceTree = "<group>"; };
		B1562C862A16652600EE7CA5 /* MapKit.framework */ = {isa = PBXFileReference; lastKnownFileType = wrapper.framework; name = MapKit.framework; path = System/Library/Frameworks/MapKit.framework; sourceTree = SDKROOT; };
		B1562C8F2A16787C00EE7CA5 /* MapView.swift */ = {isa = PBXFileReference; lastKnownFileType = sourcecode.swift; path = MapView.swift; sourceTree = "<group>"; };
		B1562C942A1678FD00EE7CA5 /* Coordinator.swift */ = {isa = PBXFileReference; lastKnownFileType = sourcecode.swift; path = Coordinator.swift; sourceTree = "<group>"; };
		B1562C9A2A167A6A00EE7CA5 /* LocationManager.swift */ = {isa = PBXFileReference; lastKnownFileType = sourcecode.swift; path = LocationManager.swift; sourceTree = "<group>"; };
		B1562C9C2A1680D300EE7CA5 /* Landmark.swift */ = {isa = PBXFileReference; lastKnownFileType = sourcecode.swift; path = Landmark.swift; sourceTree = "<group>"; };
		B1562C9E2A16817C00EE7CA5 /* MapQuestView.swift */ = {isa = PBXFileReference; lastKnownFileType = sourcecode.swift; path = MapQuestView.swift; sourceTree = "<group>"; };
		B1562CA12A16839500EE7CA5 /* EnumTabs.swift */ = {isa = PBXFileReference; lastKnownFileType = sourcecode.swift; path = EnumTabs.swift; sourceTree = "<group>"; };
		B1562CC42A1A8C3A00EE7CA5 /* HomeView.swift */ = {isa = PBXFileReference; lastKnownFileType = sourcecode.swift; path = HomeView.swift; sourceTree = "<group>"; };
		B1562CC62A1A8C5000EE7CA5 /* ResultLocationView.swift */ = {isa = PBXFileReference; lastKnownFileType = sourcecode.swift; path = ResultLocationView.swift; sourceTree = "<group>"; };
		B1562CC82A1A970E00EE7CA5 /* LandmarkAnnotation.swift */ = {isa = PBXFileReference; lastKnownFileType = sourcecode.swift; path = LandmarkAnnotation.swift; sourceTree = "<group>"; };
		B1562CCA2A1A9A2A00EE7CA5 /* Info.plist */ = {isa = PBXFileReference; lastKnownFileType = text.plist; path = Info.plist; sourceTree = "<group>"; };
		B1562CCB2A1AAD8600EE7CA5 /* PlaceListView.swift */ = {isa = PBXFileReference; lastKnownFileType = sourcecode.swift; path = PlaceListView.swift; sourceTree = "<group>"; };
		B1562CCD2A1B21AC00EE7CA5 /* CustomAnnot.swift */ = {isa = PBXFileReference; lastKnownFileType = sourcecode.swift; path = CustomAnnot.swift; sourceTree = "<group>"; };
		B1562CCF2A1BE7A800EE7CA5 /* ColorExtension.swift */ = {isa = PBXFileReference; lastKnownFileType = sourcecode.swift; path = ColorExtension.swift; sourceTree = "<group>"; };
		B1562CD12A1C046700EE7CA5 /* LocationViewModel.swift */ = {isa = PBXFileReference; lastKnownFileType = sourcecode.swift; path = LocationViewModel.swift; sourceTree = "<group>"; };
		B1562CD32A1D30CD00EE7CA5 /* UploadQuest.swift */ = {isa = PBXFileReference; lastKnownFileType = sourcecode.swift; path = UploadQuest.swift; sourceTree = "<group>"; };
		B1562CD52A1D30D500EE7CA5 /* CompleteQuest.swift */ = {isa = PBXFileReference; lastKnownFileType = sourcecode.swift; path = CompleteQuest.swift; sourceTree = "<group>"; };
		B1562CD92A1D357600EE7CA5 /* ButtonComponent.swift */ = {isa = PBXFileReference; lastKnownFileType = sourcecode.swift; path = ButtonComponent.swift; sourceTree = "<group>"; };
		B1562CDB2A1DF9B700EE7CA5 /* TempView.swift */ = {isa = PBXFileReference; lastKnownFileType = sourcecode.swift; path = TempView.swift; sourceTree = "<group>"; };
		B1FAC0D02A1E5E070011BCFF /* ImagePicker.swift */ = {isa = PBXFileReference; lastKnownFileType = sourcecode.swift; path = ImagePicker.swift; sourceTree = "<group>"; };
/* End PBXFileReference section */

/* Begin PBXFrameworksBuildPhase section */
		B1562C682A1473CB00EE7CA5 /* Frameworks */ = {
			isa = PBXFrameworksBuildPhase;
			buildActionMask = 2147483647;
			files = (
			);
			runOnlyForDeploymentPostprocessing = 0;
		};
/* End PBXFrameworksBuildPhase section */

/* Begin PBXGroup section */
		B1562C622A1473CB00EE7CA5 = {
			isa = PBXGroup;
			children = (
				B1562C6D2A1473CB00EE7CA5 /* Nano2 */,
				B1562C6C2A1473CB00EE7CA5 /* Products */,
				B1562C852A16652500EE7CA5 /* Frameworks */,
			);
			sourceTree = "<group>";
		};
		B1562C6C2A1473CB00EE7CA5 /* Products */ = {
			isa = PBXGroup;
			children = (
				B1562C6B2A1473CB00EE7CA5 /* Nano2.app */,
			);
			name = Products;
			sourceTree = "<group>";
		};
		B1562C6D2A1473CB00EE7CA5 /* Nano2 */ = {
			isa = PBXGroup;
			children = (
				B1562CCA2A1A9A2A00EE7CA5 /* Info.plist */,
				B1562CA02A16837E00EE7CA5 /* Utilities */,
				B1562C922A16788600EE7CA5 /* Model */,
				B1562C932A16788B00EE7CA5 /* ViewModel */,
				B1562C912A16788100EE7CA5 /* View */,
				B1562C6E2A1473CB00EE7CA5 /* Nano2App.swift */,
				B1562C722A1473CC00EE7CA5 /* Assets.xcassets */,
				B1562C772A1473CC00EE7CA5 /* Persistence.swift */,
				B1562C792A1473CC00EE7CA5 /* Nano2.xcdatamodeld */,
				B1562C742A1473CC00EE7CA5 /* Preview Content */,
			);
			path = Nano2;
			sourceTree = "<group>";
		};
		B1562C742A1473CC00EE7CA5 /* Preview Content */ = {
			isa = PBXGroup;
			children = (
				B1562C752A1473CC00EE7CA5 /* Preview Assets.xcassets */,
			);
			path = "Preview Content";
			sourceTree = "<group>";
		};
		B1562C852A16652500EE7CA5 /* Frameworks */ = {
			isa = PBXGroup;
			children = (
				B1562C862A16652600EE7CA5 /* MapKit.framework */,
			);
			name = Frameworks;
			sourceTree = "<group>";
		};
		B1562C912A16788100EE7CA5 /* View */ = {
			isa = PBXGroup;
			children = (
				B1562C812A1474AE00EE7CA5 /* RootView.swift */,
				B1562CC42A1A8C3A00EE7CA5 /* HomeView.swift */,
				B1562CC62A1A8C5000EE7CA5 /* ResultLocationView.swift */,
				B1562C9E2A16817C00EE7CA5 /* MapQuestView.swift */,
				B1562CCB2A1AAD8600EE7CA5 /* PlaceListView.swift */,
				B1562CD32A1D30CD00EE7CA5 /* UploadQuest.swift */,
				B1562CD52A1D30D500EE7CA5 /* CompleteQuest.swift */,
				B1562CD92A1D357600EE7CA5 /* ButtonComponent.swift */,
				B1562CDB2A1DF9B700EE7CA5 /* TempView.swift */,
				B1FAC0D02A1E5E070011BCFF /* ImagePicker.swift */,
			);
			path = View;
			sourceTree = "<group>";
		};
		B1562C922A16788600EE7CA5 /* Model */ = {
			isa = PBXGroup;
			children = (
				B1562C9C2A1680D300EE7CA5 /* Landmark.swift */,
				B1562CC82A1A970E00EE7CA5 /* LandmarkAnnotation.swift */,
				B1562CCD2A1B21AC00EE7CA5 /* CustomAnnot.swift */,
			);
			path = Model;
			sourceTree = "<group>";
		};
		B1562C932A16788B00EE7CA5 /* ViewModel */ = {
			isa = PBXGroup;
			children = (
				B1562C8F2A16787C00EE7CA5 /* MapView.swift */,
				B1562C942A1678FD00EE7CA5 /* Coordinator.swift */,
				B1562C9A2A167A6A00EE7CA5 /* LocationManager.swift */,
				B1562CD12A1C046700EE7CA5 /* LocationViewModel.swift */,
			);
			path = ViewModel;
			sourceTree = "<group>";
		};
		B1562CA02A16837E00EE7CA5 /* Utilities */ = {
			isa = PBXGroup;
			children = (
				B1562CA12A16839500EE7CA5 /* EnumTabs.swift */,
				B1562CCF2A1BE7A800EE7CA5 /* ColorExtension.swift */,
			);
			path = Utilities;
			sourceTree = "<group>";
		};
/* End PBXGroup section */

/* Begin PBXNativeTarget section */
		B1562C6A2A1473CB00EE7CA5 /* Nano2 */ = {
			isa = PBXNativeTarget;
			buildConfigurationList = B1562C7E2A1473CC00EE7CA5 /* Build configuration list for PBXNativeTarget "Nano2" */;
			buildPhases = (
				B1562C672A1473CB00EE7CA5 /* Sources */,
				B1562C682A1473CB00EE7CA5 /* Frameworks */,
				B1562C692A1473CB00EE7CA5 /* Resources */,
			);
			buildRules = (
			);
			dependencies = (
			);
			name = Nano2;
			productName = Nano2;
			productReference = B1562C6B2A1473CB00EE7CA5 /* Nano2.app */;
			productType = "com.apple.product-type.application";
		};
/* End PBXNativeTarget section */

/* Begin PBXProject section */
		B1562C632A1473CB00EE7CA5 /* Project object */ = {
			isa = PBXProject;
			attributes = {
				BuildIndependentTargetsInParallel = 1;
				LastSwiftUpdateCheck = 1430;
				LastUpgradeCheck = 1430;
				TargetAttributes = {
					B1562C6A2A1473CB00EE7CA5 = {
						CreatedOnToolsVersion = 14.3;
					};
				};
			};
			buildConfigurationList = B1562C662A1473CB00EE7CA5 /* Build configuration list for PBXProject "Nano2" */;
			compatibilityVersion = "Xcode 14.0";
			developmentRegion = en;
			hasScannedForEncodings = 0;
			knownRegions = (
				en,
				Base,
			);
			mainGroup = B1562C622A1473CB00EE7CA5;
			productRefGroup = B1562C6C2A1473CB00EE7CA5 /* Products */;
			projectDirPath = "";
			projectRoot = "";
			targets = (
				B1562C6A2A1473CB00EE7CA5 /* Nano2 */,
			);
		};
/* End PBXProject section */

/* Begin PBXResourcesBuildPhase section */
		B1562C692A1473CB00EE7CA5 /* Resources */ = {
			isa = PBXResourcesBuildPhase;
			buildActionMask = 2147483647;
			files = (
				B1562C762A1473CC00EE7CA5 /* Preview Assets.xcassets in Resources */,
				B1562C732A1473CC00EE7CA5 /* Assets.xcassets in Resources */,
			);
			runOnlyForDeploymentPostprocessing = 0;
		};
/* End PBXResourcesBuildPhase section */

/* Begin PBXSourcesBuildPhase section */
		B1562C672A1473CB00EE7CA5 /* Sources */ = {
			isa = PBXSourcesBuildPhase;
			buildActionMask = 2147483647;
			files = (
				B1562CDC2A1DF9B700EE7CA5 /* TempView.swift in Sources */,
				B1562C7B2A1473CC00EE7CA5 /* Nano2.xcdatamodeld in Sources */,
				B1562C902A16787C00EE7CA5 /* MapView.swift in Sources */,
				B1562C952A1678FD00EE7CA5 /* Coordinator.swift in Sources */,
				B1562C9D2A1680D300EE7CA5 /* Landmark.swift in Sources */,
				B1562CCE2A1B21AC00EE7CA5 /* CustomAnnot.swift in Sources */,
				B1562CCC2A1AAD8600EE7CA5 /* PlaceListView.swift in Sources */,
				B1FAC0D12A1E5E070011BCFF /* ImagePicker.swift in Sources */,
				B1562CA22A16839500EE7CA5 /* EnumTabs.swift in Sources */,
				B1562CC52A1A8C3A00EE7CA5 /* HomeView.swift in Sources */,
				B1562CD22A1C046700EE7CA5 /* LocationViewModel.swift in Sources */,
				B1562CD42A1D30CD00EE7CA5 /* UploadQuest.swift in Sources */,
				B1562CC72A1A8C5000EE7CA5 /* ResultLocationView.swift in Sources */,
				B1562CDA2A1D357600EE7CA5 /* ButtonComponent.swift in Sources */,
				B1562C782A1473CC00EE7CA5 /* Persistence.swift in Sources */,
				B1562C6F2A1473CB00EE7CA5 /* Nano2App.swift in Sources */,
				B1562CD02A1BE7A800EE7CA5 /* ColorExtension.swift in Sources */,
				B1562C822A1474AE00EE7CA5 /* RootView.swift in Sources */,
				B1562CC92A1A970E00EE7CA5 /* LandmarkAnnotation.swift in Sources */,
				B1562CD62A1D30D500EE7CA5 /* CompleteQuest.swift in Sources */,
				B1562C9B2A167A6A00EE7CA5 /* LocationManager.swift in Sources */,
				B1562C9F2A16817C00EE7CA5 /* MapQuestView.swift in Sources */,
			);
			runOnlyForDeploymentPostprocessing = 0;
		};
/* End PBXSourcesBuildPhase section */

/* Begin XCBuildConfiguration section */
		B1562C7C2A1473CC00EE7CA5 /* Debug */ = {
			isa = XCBuildConfiguration;
			buildSettings = {
				ALWAYS_SEARCH_USER_PATHS = NO;
				CLANG_ANALYZER_NONNULL = YES;
				CLANG_ANALYZER_NUMBER_OBJECT_CONVERSION = YES_AGGRESSIVE;
				CLANG_CXX_LANGUAGE_STANDARD = "gnu++20";
				CLANG_ENABLE_MODULES = YES;
				CLANG_ENABLE_OBJC_ARC = YES;
				CLANG_ENABLE_OBJC_WEAK = YES;
				CLANG_WARN_BLOCK_CAPTURE_AUTORELEASING = YES;
				CLANG_WARN_BOOL_CONVERSION = YES;
				CLANG_WARN_COMMA = YES;
				CLANG_WARN_CONSTANT_CONVERSION = YES;
				CLANG_WARN_DEPRECATED_OBJC_IMPLEMENTATIONS = YES;
				CLANG_WARN_DIRECT_OBJC_ISA_USAGE = YES_ERROR;
				CLANG_WARN_DOCUMENTATION_COMMENTS = YES;
				CLANG_WARN_EMPTY_BODY = YES;
				CLANG_WARN_ENUM_CONVERSION = YES;
				CLANG_WARN_INFINITE_RECURSION = YES;
				CLANG_WARN_INT_CONVERSION = YES;
				CLANG_WARN_NON_LITERAL_NULL_CONVERSION = YES;
				CLANG_WARN_OBJC_IMPLICIT_RETAIN_SELF = YES;
				CLANG_WARN_OBJC_LITERAL_CONVERSION = YES;
				CLANG_WARN_OBJC_ROOT_CLASS = YES_ERROR;
				CLANG_WARN_QUOTED_INCLUDE_IN_FRAMEWORK_HEADER = YES;
				CLANG_WARN_RANGE_LOOP_ANALYSIS = YES;
				CLANG_WARN_STRICT_PROTOTYPES = YES;
				CLANG_WARN_SUSPICIOUS_MOVE = YES;
				CLANG_WARN_UNGUARDED_AVAILABILITY = YES_AGGRESSIVE;
				CLANG_WARN_UNREACHABLE_CODE = YES;
				CLANG_WARN__DUPLICATE_METHOD_MATCH = YES;
				COPY_PHASE_STRIP = NO;
				DEBUG_INFORMATION_FORMAT = dwarf;
				ENABLE_STRICT_OBJC_MSGSEND = YES;
				ENABLE_TESTABILITY = YES;
				GCC_C_LANGUAGE_STANDARD = gnu11;
				GCC_DYNAMIC_NO_PIC = NO;
				GCC_NO_COMMON_BLOCKS = YES;
				GCC_OPTIMIZATION_LEVEL = 0;
				GCC_PREPROCESSOR_DEFINITIONS = (
					"DEBUG=1",
					"$(inherited)",
				);
				GCC_WARN_64_TO_32_BIT_CONVERSION = YES;
				GCC_WARN_ABOUT_RETURN_TYPE = YES_ERROR;
				GCC_WARN_UNDECLARED_SELECTOR = YES;
				GCC_WARN_UNINITIALIZED_AUTOS = YES_AGGRESSIVE;
				GCC_WARN_UNUSED_FUNCTION = YES;
				GCC_WARN_UNUSED_VARIABLE = YES;
				IPHONEOS_DEPLOYMENT_TARGET = 16.4;
				MTL_ENABLE_DEBUG_INFO = INCLUDE_SOURCE;
				MTL_FAST_MATH = YES;
				ONLY_ACTIVE_ARCH = YES;
				SDKROOT = iphoneos;
				SWIFT_ACTIVE_COMPILATION_CONDITIONS = DEBUG;
				SWIFT_OPTIMIZATION_LEVEL = "-Onone";
			};
			name = Debug;
		};
		B1562C7D2A1473CC00EE7CA5 /* Release */ = {
			isa = XCBuildConfiguration;
			buildSettings = {
				ALWAYS_SEARCH_USER_PATHS = NO;
				CLANG_ANALYZER_NONNULL = YES;
				CLANG_ANALYZER_NUMBER_OBJECT_CONVERSION = YES_AGGRESSIVE;
				CLANG_CXX_LANGUAGE_STANDARD = "gnu++20";
				CLANG_ENABLE_MODULES = YES;
				CLANG_ENABLE_OBJC_ARC = YES;
				CLANG_ENABLE_OBJC_WEAK = YES;
				CLANG_WARN_BLOCK_CAPTURE_AUTORELEASING = YES;
				CLANG_WARN_BOOL_CONVERSION = YES;
				CLANG_WARN_COMMA = YES;
				CLANG_WARN_CONSTANT_CONVERSION = YES;
				CLANG_WARN_DEPRECATED_OBJC_IMPLEMENTATIONS = YES;
				CLANG_WARN_DIRECT_OBJC_ISA_USAGE = YES_ERROR;
				CLANG_WARN_DOCUMENTATION_COMMENTS = YES;
				CLANG_WARN_EMPTY_BODY = YES;
				CLANG_WARN_ENUM_CONVERSION = YES;
				CLANG_WARN_INFINITE_RECURSION = YES;
				CLANG_WARN_INT_CONVERSION = YES;
				CLANG_WARN_NON_LITERAL_NULL_CONVERSION = YES;
				CLANG_WARN_OBJC_IMPLICIT_RETAIN_SELF = YES;
				CLANG_WARN_OBJC_LITERAL_CONVERSION = YES;
				CLANG_WARN_OBJC_ROOT_CLASS = YES_ERROR;
				CLANG_WARN_QUOTED_INCLUDE_IN_FRAMEWORK_HEADER = YES;
				CLANG_WARN_RANGE_LOOP_ANALYSIS = YES;
				CLANG_WARN_STRICT_PROTOTYPES = YES;
				CLANG_WARN_SUSPICIOUS_MOVE = YES;
				CLANG_WARN_UNGUARDED_AVAILABILITY = YES_AGGRESSIVE;
				CLANG_WARN_UNREACHABLE_CODE = YES;
				CLANG_WARN__DUPLICATE_METHOD_MATCH = YES;
				COPY_PHASE_STRIP = NO;
				DEBUG_INFORMATION_FORMAT = "dwarf-with-dsym";
				ENABLE_NS_ASSERTIONS = NO;
				ENABLE_STRICT_OBJC_MSGSEND = YES;
				GCC_C_LANGUAGE_STANDARD = gnu11;
				GCC_NO_COMMON_BLOCKS = YES;
				GCC_WARN_64_TO_32_BIT_CONVERSION = YES;
				GCC_WARN_ABOUT_RETURN_TYPE = YES_ERROR;
				GCC_WARN_UNDECLARED_SELECTOR = YES;
				GCC_WARN_UNINITIALIZED_AUTOS = YES_AGGRESSIVE;
				GCC_WARN_UNUSED_FUNCTION = YES;
				GCC_WARN_UNUSED_VARIABLE = YES;
				IPHONEOS_DEPLOYMENT_TARGET = 16.4;
				MTL_ENABLE_DEBUG_INFO = NO;
				MTL_FAST_MATH = YES;
				SDKROOT = iphoneos;
				SWIFT_COMPILATION_MODE = wholemodule;
				SWIFT_OPTIMIZATION_LEVEL = "-O";
				VALIDATE_PRODUCT = YES;
			};
			name = Release;
		};
		B1562C7F2A1473CC00EE7CA5 /* Debug */ = {
			isa = XCBuildConfiguration;
			buildSettings = {
				ASSETCATALOG_COMPILER_APPICON_NAME = AppIcon;
				ASSETCATALOG_COMPILER_GLOBAL_ACCENT_COLOR_NAME = AccentColor;
				CODE_SIGN_STYLE = Automatic;
				CURRENT_PROJECT_VERSION = 1;
				DEVELOPMENT_ASSET_PATHS = "\"Nano2/Preview Content\"";
				DEVELOPMENT_TEAM = 54STNG9K7F;
				ENABLE_PREVIEWS = YES;
				GENERATE_INFOPLIST_FILE = YES;
				INFOPLIST_FILE = Nano2/Info.plist;
				INFOPLIST_KEY_CFBundleDisplayName = bismillah;
				INFOPLIST_KEY_NSLocationAlwaysAndWhenInUseUsageDescription = "This application need always access your locatin";
				INFOPLIST_KEY_NSLocationWhenInUseUsageDescription = "Location requires acces your location";
				INFOPLIST_KEY_NSPhotoLibraryUsageDescription = "This application need access to your library";
				INFOPLIST_KEY_UIApplicationSceneManifest_Generation = YES;
				INFOPLIST_KEY_UIApplicationSupportsIndirectInputEvents = YES;
				INFOPLIST_KEY_UILaunchScreen_Generation = YES;
				INFOPLIST_KEY_UISupportedInterfaceOrientations_iPad = "UIInterfaceOrientationPortrait UIInterfaceOrientationPortraitUpsideDown UIInterfaceOrientationLandscapeLeft UIInterfaceOrientationLandscapeRight";
				INFOPLIST_KEY_UISupportedInterfaceOrientations_iPhone = "UIInterfaceOrientationPortrait UIInterfaceOrientationLandscapeLeft UIInterfaceOrientationLandscapeRight";
				INFOPLIST_KEY_UIUserInterfaceStyle = Dark;
				IPHONEOS_DEPLOYMENT_TARGET = 16.4;
				LD_RUNPATH_SEARCH_PATHS = (
					"$(inherited)",
					"@executable_path/Frameworks",
				);
				MARKETING_VERSION = 1.0;
				PRODUCT_BUNDLE_IDENTIFIER = com.beni.QuestMap;
				PRODUCT_NAME = "$(TARGET_NAME)";
				SWIFT_EMIT_LOC_STRINGS = YES;
				SWIFT_VERSION = 5.0;
				TARGETED_DEVICE_FAMILY = "1,2";
			};
			name = Debug;
		};
		B1562C802A1473CC00EE7CA5 /* Release */ = {
			isa = XCBuildConfiguration;
			buildSettings = {
				ASSETCATALOG_COMPILER_APPICON_NAME = AppIcon;
				ASSETCATALOG_COMPILER_GLOBAL_ACCENT_COLOR_NAME = AccentColor;
				CODE_SIGN_STYLE = Automatic;
				CURRENT_PROJECT_VERSION = 1;
				DEVELOPMENT_ASSET_PATHS = "\"Nano2/Preview Content\"";
				DEVELOPMENT_TEAM = 54STNG9K7F;
				ENABLE_PREVIEWS = YES;
				GENERATE_INFOPLIST_FILE = YES;
				INFOPLIST_FILE = Nano2/Info.plist;
				INFOPLIST_KEY_CFBundleDisplayName = bismillah;
				INFOPLIST_KEY_NSLocationAlwaysAndWhenInUseUsageDescription = "This application need always access your locatin";
				INFOPLIST_KEY_NSLocationWhenInUseUsageDescription = "Location requires acces your location";
				INFOPLIST_KEY_NSPhotoLibraryUsageDescription = "This application need access to your library";
				INFOPLIST_KEY_UIApplicationSceneManifest_Generation = YES;
				INFOPLIST_KEY_UIApplicationSupportsIndirectInputEvents = YES;
				INFOPLIST_KEY_UILaunchScreen_Generation = YES;
				INFOPLIST_KEY_UISupportedInterfaceOrientations_iPad = "UIInterfaceOrientationPortrait UIInterfaceOrientationPortraitUpsideDown UIInterfaceOrientationLandscapeLeft UIInterfaceOrientationLandscapeRight";
				INFOPLIST_KEY_UISupportedInterfaceOrientations_iPhone = "UIInterfaceOrientationPortrait UIInterfaceOrientationLandscapeLeft UIInterfaceOrientationLandscapeRight";
				INFOPLIST_KEY_UIUserInterfaceStyle = Dark;
				IPHONEOS_DEPLOYMENT_TARGET = 16.4;
				LD_RUNPATH_SEARCH_PATHS = (
					"$(inherited)",
					"@executable_path/Frameworks",
				);
				MARKETING_VERSION = 1.0;
				PRODUCT_BUNDLE_IDENTIFIER = com.beni.QuestMap;
				PRODUCT_NAME = "$(TARGET_NAME)";
				SWIFT_EMIT_LOC_STRINGS = YES;
				SWIFT_VERSION = 5.0;
				TARGETED_DEVICE_FAMILY = "1,2";
			};
			name = Release;
		};
/* End XCBuildConfiguration section */

/* Begin XCConfigurationList section */
		B1562C662A1473CB00EE7CA5 /* Build configuration list for PBXProject "Nano2" */ = {
			isa = XCConfigurationList;
			buildConfigurations = (
				B1562C7C2A1473CC00EE7CA5 /* Debug */,
				B1562C7D2A1473CC00EE7CA5 /* Release */,
			);
			defaultConfigurationIsVisible = 0;
			defaultConfigurationName = Release;
		};
		B1562C7E2A1473CC00EE7CA5 /* Build configuration list for PBXNativeTarget "Nano2" */ = {
			isa = XCConfigurationList;
			buildConfigurations = (
				B1562C7F2A1473CC00EE7CA5 /* Debug */,
				B1562C802A1473CC00EE7CA5 /* Release */,
			);
			defaultConfigurationIsVisible = 0;
			defaultConfigurationName = Release;
		};
/* End XCConfigurationList section */

/* Begin XCVersionGroup section */
		B1562C792A1473CC00EE7CA5 /* Nano2.xcdatamodeld */ = {
			isa = XCVersionGroup;
			children = (
				B1562C7A2A1473CC00EE7CA5 /* Nano2.xcdatamodel */,
			);
			currentVersion = B1562C7A2A1473CC00EE7CA5 /* Nano2.xcdatamodel */;
			path = Nano2.xcdatamodeld;
			sourceTree = "<group>";
			versionGroupType = wrapper.xcdatamodel;
		};
/* End XCVersionGroup section */
	};
	rootObject = B1562C632A1473CB00EE7CA5 /* Project object */;
}
